
Microsoft Visual Studio Solution File, Format Version 12.00
# Visual Studio 15
VisualStudioVersion = 15.0.26124.0
MinimumVisualStudioVersion = 15.0.26124.0
Project("{FAE04EC0-301F-11D3-BF4B-00C04F79EFBC}") = "cs-kata", "cs-kata\cs-kata.csproj", "{F47E58E5-65F5-4215-93C6-99E216CD8DF2}"
EndProject
Project("{FAE04EC0-301F-11D3-BF4B-00C04F79EFBC}") = "cs-kata.tests", "cs-kata.tests\cs-kata.tests.csproj", "{82AC6FD2-BC00-410B-9A8C-EE20198D1278}"
EndProject
Global
	GlobalSection(SolutionConfigurationPlatforms) = preSolution
		Debug|Any CPU = Debug|Any CPU
		Debug|x64 = Debug|x64
		Debug|x86 = Debug|x86
		Release|Any CPU = Release|Any CPU
		Release|x64 = Release|x64
		Release|x86 = Release|x86
	EndGlobalSection
	GlobalSection(SolutionProperties) = preSolution
		HideSolutionNode = FALSE
	EndGlobalSection
	GlobalSection(ProjectConfigurationPlatforms) = postSolution
		{F47E58E5-65F5-4215-93C6-99E216CD8DF2}.Debug|Any CPU.ActiveCfg = Debug|Any CPU
		{F47E58E5-65F5-4215-93C6-99E216CD8DF2}.Debug|Any CPU.Build.0 = Debug|Any CPU
		{F47E58E5-65F5-4215-93C6-99E216CD8DF2}.Debug|x64.ActiveCfg = Debug|x64
		{F47E58E5-65F5-4215-93C6-99E216CD8DF2}.Debug|x64.Build.0 = Debug|x64
		{F47E58E5-65F5-4215-93C6-99E216CD8DF2}.Debug|x86.ActiveCfg = Debug|x86
		{F47E58E5-65F5-4215-93C6-99E216CD8DF2}.Debug|x86.Build.0 = Debug|x86
		{F47E58E5-65F5-4215-93C6-99E216CD8DF2}.Release|Any CPU.ActiveCfg = Release|Any CPU
		{F47E58E5-65F5-4215-93C6-99E216CD8DF2}.Release|Any CPU.Build.0 = Release|Any CPU
		{F47E58E5-65F5-4215-93C6-99E216CD8DF2}.Release|x64.ActiveCfg = Release|x64
		{F47E58E5-65F5-4215-93C6-99E216CD8DF2}.Release|x64.Build.0 = Release|x64
		{F47E58E5-65F5-4215-93C6-99E216CD8DF2}.Release|x86.ActiveCfg = Release|x86
		{F47E58E5-65F5-4215-93C6-99E216CD8DF2}.Release|x86.Build.0 = Release|x86
		{82AC6FD2-BC00-410B-9A8C-EE20198D1278}.Debug|Any CPU.ActiveCfg = Debug|Any CPU
		{82AC6FD2-BC00-410B-9A8C-EE20198D1278}.Debug|Any CPU.Build.0 = Debug|Any CPU
		{82AC6FD2-BC00-410B-9A8C-EE20198D1278}.Debug|x64.ActiveCfg = Debug|x64
		{82AC6FD2-BC00-410B-9A8C-EE20198D1278}.Debug|x64.Build.0 = Debug|x64
		{82AC6FD2-BC00-410B-9A8C-EE20198D1278}.Debug|x86.ActiveCfg = Debug|x86
		{82AC6FD2-BC00-410B-9A8C-EE20198D1278}.Debug|x86.Build.0 = Debug|x86
		{82AC6FD2-BC00-410B-9A8C-EE20198D1278}.Release|Any CPU.ActiveCfg = Release|Any CPU
		{82AC6FD2-BC00-410B-9A8C-EE20198D1278}.Release|Any CPU.Build.0 = Release|Any CPU
		{82AC6FD2-BC00-410B-9A8C-EE20198D1278}.Release|x64.ActiveCfg = Release|x64
		{82AC6FD2-BC00-410B-9A8C-EE20198D1278}.Release|x64.Build.0 = Release|x64
		{82AC6FD2-BC00-410B-9A8C-EE20198D1278}.Release|x86.ActiveCfg = Release|x86
		{82AC6FD2-BC00-410B-9A8C-EE20198D1278}.Release|x86.Build.0 = Release|x86
	EndGlobalSection
EndGlobal
