// !$*UTF8*$!
{
	archiveVersion = 1;
	classes = {
	};
	objectVersion = 50;
	objects = {

/* Begin PBXBuildFile section */
		82205EB22134FB7C005BE136 /* Bowling180828.swift in Sources */ = {isa = PBXBuildFile; fileRef = 82205EB12134FB7C005BE136 /* Bowling180828.swift */; };
		82205EB42134FBFD005BE136 /* Bowling180828Tests.swift in Sources */ = {isa = PBXBuildFile; fileRef = 82205EB32134FBFD005BE136 /* Bowling180828Tests.swift */; };
		8226A51B20EB93F10019E402 /* AppDelegate.swift in Sources */ = {isa = PBXBuildFile; fileRef = 8226A51A20EB93F10019E402 /* AppDelegate.swift */; };
		8226A51D20EB93F10019E402 /* ViewController.swift in Sources */ = {isa = PBXBuildFile; fileRef = 8226A51C20EB93F10019E402 /* ViewController.swift */; };
		8226A52020EB93F10019E402 /* Main.storyboard in Resources */ = {isa = PBXBuildFile; fileRef = 8226A51E20EB93F10019E402 /* Main.storyboard */; };
		8226A52220EB93F40019E402 /* Assets.xcassets in Resources */ = {isa = PBXBuildFile; fileRef = 8226A52120EB93F40019E402 /* Assets.xcassets */; };
		8226A52520EB93F40019E402 /* LaunchScreen.storyboard in Resources */ = {isa = PBXBuildFile; fileRef = 8226A52320EB93F40019E402 /* LaunchScreen.storyboard */; };
		8226A53020EB93F40019E402 /* CodeKataPracticeSwiftTests.swift in Sources */ = {isa = PBXBuildFile; fileRef = 8226A52F20EB93F40019E402 /* CodeKataPracticeSwiftTests.swift */; };
		8226A54920EB98680019E402 /* Bowling180703.swift in Sources */ = {isa = PBXBuildFile; fileRef = 8226A54820EB98680019E402 /* Bowling180703.swift */; };
		8226A54B20EB9AD30019E402 /* Bowling180703Tests.swift in Sources */ = {isa = PBXBuildFile; fileRef = 8226A54A20EB9AD30019E402 /* Bowling180703Tests.swift */; };
		8226A54C20EB9DF80019E402 /* Bowling180703.swift in Sources */ = {isa = PBXBuildFile; fileRef = 8226A54820EB98680019E402 /* Bowling180703.swift */; };
		823E9BE0214B6B1F00F4054A /* Bowling180914.swift in Sources */ = {isa = PBXBuildFile; fileRef = 823E9BDF214B6B1F00F4054A /* Bowling180914.swift */; };
		823E9BE2214B6BDB00F4054A /* Bowling180914Tests.swift in Sources */ = {isa = PBXBuildFile; fileRef = 823E9BE1214B6BDB00F4054A /* Bowling180914Tests.swift */; };
		824ED023212136870038C430 /* Bowlig180813.swift in Sources */ = {isa = PBXBuildFile; fileRef = 824ED022212136870038C430 /* Bowlig180813.swift */; };
		824ED025212136BC0038C430 /* Bowling180813Tests.swift in Sources */ = {isa = PBXBuildFile; fileRef = 824ED024212136BC0038C430 /* Bowling180813Tests.swift */; };
		8279BB31210DC4C900AEF6B7 /* Bowling180729.swift in Sources */ = {isa = PBXBuildFile; fileRef = 8279BB30210DC4C900AEF6B7 /* Bowling180729.swift */; };
		8279BB33210DC4EB00AEF6B7 /* Bowling180729Tests.swift in Sources */ = {isa = PBXBuildFile; fileRef = 8279BB32210DC4EB00AEF6B7 /* Bowling180729Tests.swift */; };
		82FC94BA20F987F800CB2F3D /* Bowling180713.swift in Sources */ = {isa = PBXBuildFile; fileRef = 82FC94B920F987F800CB2F3D /* Bowling180713.swift */; };
		82FC94BC20F9881E00CB2F3D /* Bowling180713Tests.swift in Sources */ = {isa = PBXBuildFile; fileRef = 82FC94BB20F9881E00CB2F3D /* Bowling180713Tests.swift */; };
/* End PBXBuildFile section */

/* Begin PBXContainerItemProxy section */
		8226A52C20EB93F40019E402 /* PBXContainerItemProxy */ = {
			isa = PBXContainerItemProxy;
			containerPortal = 8226A50F20EB93F10019E402 /* Project object */;
			proxyType = 1;
			remoteGlobalIDString = 8226A51620EB93F10019E402;
			remoteInfo = CodeKataPracticeSwift;
		};
/* End PBXContainerItemProxy section */

/* Begin PBXFileReference section */
		82205EB12134FB7C005BE136 /* Bowling180828.swift */ = {isa = PBXFileReference; lastKnownFileType = sourcecode.swift; path = Bowling180828.swift; sourceTree = "<group>"; };
		82205EB32134FBFD005BE136 /* Bowling180828Tests.swift */ = {isa = PBXFileReference; lastKnownFileType = sourcecode.swift; path = Bowling180828Tests.swift; sourceTree = "<group>"; };
		8226A51720EB93F10019E402 /* CodeKataPracticeSwift.app */ = {isa = PBXFileReference; explicitFileType = wrapper.application; includeInIndex = 0; path = CodeKataPracticeSwift.app; sourceTree = BUILT_PRODUCTS_DIR; };
		8226A51A20EB93F10019E402 /* AppDelegate.swift */ = {isa = PBXFileReference; lastKnownFileType = sourcecode.swift; path = AppDelegate.swift; sourceTree = "<group>"; };
		8226A51C20EB93F10019E402 /* ViewController.swift */ = {isa = PBXFileReference; lastKnownFileType = sourcecode.swift; path = ViewController.swift; sourceTree = "<group>"; };
		8226A51F20EB93F10019E402 /* Base */ = {isa = PBXFileReference; lastKnownFileType = file.storyboard; name = Base; path = Base.lproj/Main.storyboard; sourceTree = "<group>"; };
		8226A52120EB93F40019E402 /* Assets.xcassets */ = {isa = PBXFileReference; lastKnownFileType = folder.assetcatalog; path = Assets.xcassets; sourceTree = "<group>"; };
		8226A52420EB93F40019E402 /* Base */ = {isa = PBXFileReference; lastKnownFileType = file.storyboard; name = Base; path = Base.lproj/LaunchScreen.storyboard; sourceTree = "<group>"; };
		8226A52620EB93F40019E402 /* Info.plist */ = {isa = PBXFileReference; lastKnownFileType = text.plist.xml; path = Info.plist; sourceTree = "<group>"; };
		8226A52B20EB93F40019E402 /* CodeKataPracticeSwiftTests.xctest */ = {isa = PBXFileReference; explicitFileType = wrapper.cfbundle; includeInIndex = 0; path = CodeKataPracticeSwiftTests.xctest; sourceTree = BUILT_PRODUCTS_DIR; };
		8226A52F20EB93F40019E402 /* CodeKataPracticeSwiftTests.swift */ = {isa = PBXFileReference; lastKnownFileType = sourcecode.swift; path = CodeKataPracticeSwiftTests.swift; sourceTree = "<group>"; };
		8226A53120EB93F40019E402 /* Info.plist */ = {isa = PBXFileReference; lastKnownFileType = text.plist.xml; path = Info.plist; sourceTree = "<group>"; };
		8226A54820EB98680019E402 /* Bowling180703.swift */ = {isa = PBXFileReference; lastKnownFileType = sourcecode.swift; path = Bowling180703.swift; sourceTree = "<group>"; };
		8226A54A20EB9AD30019E402 /* Bowling180703Tests.swift */ = {isa = PBXFileReference; lastKnownFileType = sourcecode.swift; path = Bowling180703Tests.swift; sourceTree = "<group>"; };
		823E9BDF214B6B1F00F4054A /* Bowling180914.swift */ = {isa = PBXFileReference; lastKnownFileType = sourcecode.swift; path = Bowling180914.swift; sourceTree = "<group>"; };
		823E9BE1214B6BDB00F4054A /* Bowling180914Tests.swift */ = {isa = PBXFileReference; lastKnownFileType = sourcecode.swift; path = Bowling180914Tests.swift; sourceTree = "<group>"; };
		824ED022212136870038C430 /* Bowlig180813.swift */ = {isa = PBXFileReference; lastKnownFileType = sourcecode.swift; path = Bowlig180813.swift; sourceTree = "<group>"; };
		824ED024212136BC0038C430 /* Bowling180813Tests.swift */ = {isa = PBXFileReference; lastKnownFileType = sourcecode.swift; path = Bowling180813Tests.swift; sourceTree = "<group>"; };
		8279BB30210DC4C900AEF6B7 /* Bowling180729.swift */ = {isa = PBXFileReference; lastKnownFileType = sourcecode.swift; path = Bowling180729.swift; sourceTree = "<group>"; };
		8279BB32210DC4EB00AEF6B7 /* Bowling180729Tests.swift */ = {isa = PBXFileReference; lastKnownFileType = sourcecode.swift; path = Bowling180729Tests.swift; sourceTree = "<group>"; };
		82FC94B920F987F800CB2F3D /* Bowling180713.swift */ = {isa = PBXFileReference; lastKnownFileType = sourcecode.swift; path = Bowling180713.swift; sourceTree = "<group>"; };
		82FC94BB20F9881E00CB2F3D /* Bowling180713Tests.swift */ = {isa = PBXFileReference; lastKnownFileType = sourcecode.swift; path = Bowling180713Tests.swift; sourceTree = "<group>"; };
/* End PBXFileReference section */

/* Begin PBXFrameworksBuildPhase section */
		8226A51420EB93F10019E402 /* Frameworks */ = {
			isa = PBXFrameworksBuildPhase;
			buildActionMask = 2147483647;
			files = (
			);
			runOnlyForDeploymentPostprocessing = 0;
		};
		8226A52820EB93F40019E402 /* Frameworks */ = {
			isa = PBXFrameworksBuildPhase;
			buildActionMask = 2147483647;
			files = (
			);
			runOnlyForDeploymentPostprocessing = 0;
		};
/* End PBXFrameworksBuildPhase section */

/* Begin PBXGroup section */
		8226A50E20EB93F10019E402 = {
			isa = PBXGroup;
			children = (
				8226A51920EB93F10019E402 /* CodeKataPracticeSwift */,
				8226A52E20EB93F40019E402 /* CodeKataPracticeSwiftTests */,
				8226A51820EB93F10019E402 /* Products */,
			);
			sourceTree = "<group>";
		};
		8226A51820EB93F10019E402 /* Products */ = {
			isa = PBXGroup;
			children = (
				8226A51720EB93F10019E402 /* CodeKataPracticeSwift.app */,
				8226A52B20EB93F40019E402 /* CodeKataPracticeSwiftTests.xctest */,
			);
			name = Products;
			sourceTree = "<group>";
		};
		8226A51920EB93F10019E402 /* CodeKataPracticeSwift */ = {
			isa = PBXGroup;
			children = (
				8226A51A20EB93F10019E402 /* AppDelegate.swift */,
				8226A51C20EB93F10019E402 /* ViewController.swift */,
				8226A51E20EB93F10019E402 /* Main.storyboard */,
				8226A52120EB93F40019E402 /* Assets.xcassets */,
				8226A52320EB93F40019E402 /* LaunchScreen.storyboard */,
				8226A52620EB93F40019E402 /* Info.plist */,
				8226A54820EB98680019E402 /* Bowling180703.swift */,
				82FC94B920F987F800CB2F3D /* Bowling180713.swift */,
				8279BB30210DC4C900AEF6B7 /* Bowling180729.swift */,
				824ED022212136870038C430 /* Bowlig180813.swift */,
				82205EB12134FB7C005BE136 /* Bowling180828.swift */,
				823E9BDF214B6B1F00F4054A /* Bowling180914.swift */,
			);
			path = CodeKataPracticeSwift;
			sourceTree = "<group>";
		};
		8226A52E20EB93F40019E402 /* CodeKataPracticeSwiftTests */ = {
			isa = PBXGroup;
			children = (
				8226A52F20EB93F40019E402 /* CodeKataPracticeSwiftTests.swift */,
				8226A54A20EB9AD30019E402 /* Bowling180703Tests.swift */,
				82FC94BB20F9881E00CB2F3D /* Bowling180713Tests.swift */,
				8279BB32210DC4EB00AEF6B7 /* Bowling180729Tests.swift */,
				8226A53120EB93F40019E402 /* Info.plist */,
				824ED024212136BC0038C430 /* Bowling180813Tests.swift */,
				82205EB32134FBFD005BE136 /* Bowling180828Tests.swift */,
				823E9BE1214B6BDB00F4054A /* Bowling180914Tests.swift */,
			);
			path = CodeKataPracticeSwiftTests;
			sourceTree = "<group>";
		};
/* End PBXGroup section */

/* Begin PBXNativeTarget section */
		8226A51620EB93F10019E402 /* CodeKataPracticeSwift */ = {
			isa = PBXNativeTarget;
			buildConfigurationList = 8226A53F20EB93F40019E402 /* Build configuration list for PBXNativeTarget "CodeKataPracticeSwift" */;
			buildPhases = (
				8226A51320EB93F10019E402 /* Sources */,
				8226A51420EB93F10019E402 /* Frameworks */,
				8226A51520EB93F10019E402 /* Resources */,
			);
			buildRules = (
			);
			dependencies = (
			);
			name = CodeKataPracticeSwift;
			productName = CodeKataPracticeSwift;
			productReference = 8226A51720EB93F10019E402 /* CodeKataPracticeSwift.app */;
			productType = "com.apple.product-type.application";
		};
		8226A52A20EB93F40019E402 /* CodeKataPracticeSwiftTests */ = {
			isa = PBXNativeTarget;
			buildConfigurationList = 8226A54220EB93F40019E402 /* Build configuration list for PBXNativeTarget "CodeKataPracticeSwiftTests" */;
			buildPhases = (
				8226A52720EB93F40019E402 /* Sources */,
				8226A52820EB93F40019E402 /* Frameworks */,
				8226A52920EB93F40019E402 /* Resources */,
			);
			buildRules = (
			);
			dependencies = (
				8226A52D20EB93F40019E402 /* PBXTargetDependency */,
			);
			name = CodeKataPracticeSwiftTests;
			productName = CodeKataPracticeSwiftTests;
			productReference = 8226A52B20EB93F40019E402 /* CodeKataPracticeSwiftTests.xctest */;
			productType = "com.apple.product-type.bundle.unit-test";
		};
/* End PBXNativeTarget section */

/* Begin PBXProject section */
		8226A50F20EB93F10019E402 /* Project object */ = {
			isa = PBXProject;
			attributes = {
				LastSwiftUpdateCheck = 0940;
				LastUpgradeCheck = 0940;
				ORGANIZATIONNAME = toto;
				TargetAttributes = {
					8226A51620EB93F10019E402 = {
						CreatedOnToolsVersion = 9.4.1;
					};
					8226A52A20EB93F40019E402 = {
						CreatedOnToolsVersion = 9.4.1;
						TestTargetID = 8226A51620EB93F10019E402;
					};
				};
			};
			buildConfigurationList = 8226A51220EB93F10019E402 /* Build configuration list for PBXProject "CodeKataPracticeSwift" */;
			compatibilityVersion = "Xcode 9.3";
			developmentRegion = en;
			hasScannedForEncodings = 0;
			knownRegions = (
				en,
				Base,
			);
			mainGroup = 8226A50E20EB93F10019E402;
			productRefGroup = 8226A51820EB93F10019E402 /* Products */;
			projectDirPath = "";
			projectRoot = "";
			targets = (
				8226A51620EB93F10019E402 /* CodeKataPracticeSwift */,
				8226A52A20EB93F40019E402 /* CodeKataPracticeSwiftTests */,
			);
		};
/* End PBXProject section */

/* Begin PBXResourcesBuildPhase section */
		8226A51520EB93F10019E402 /* Resources */ = {
			isa = PBXResourcesBuildPhase;
			buildActionMask = 2147483647;
			files = (
				8226A52520EB93F40019E402 /* LaunchScreen.storyboard in Resources */,
				8226A52220EB93F40019E402 /* Assets.xcassets in Resources */,
				8226A52020EB93F10019E402 /* Main.storyboard in Resources */,
			);
			runOnlyForDeploymentPostprocessing = 0;
		};
		8226A52920EB93F40019E402 /* Resources */ = {
			isa = PBXResourcesBuildPhase;
			buildActionMask = 2147483647;
			files = (
			);
			runOnlyForDeploymentPostprocessing = 0;
		};
/* End PBXResourcesBuildPhase section */

/* Begin PBXSourcesBuildPhase section */
		8226A51320EB93F10019E402 /* Sources */ = {
			isa = PBXSourcesBuildPhase;
			buildActionMask = 2147483647;
			files = (
				82FC94BA20F987F800CB2F3D /* Bowling180713.swift in Sources */,
				8226A54920EB98680019E402 /* Bowling180703.swift in Sources */,
				8226A51D20EB93F10019E402 /* ViewController.swift in Sources */,
				82205EB22134FB7C005BE136 /* Bowling180828.swift in Sources */,
				8279BB31210DC4C900AEF6B7 /* Bowling180729.swift in Sources */,
				8226A51B20EB93F10019E402 /* AppDelegate.swift in Sources */,
				824ED023212136870038C430 /* Bowlig180813.swift in Sources */,
				823E9BE0214B6B1F00F4054A /* Bowling180914.swift in Sources */,
			);
			runOnlyForDeploymentPostprocessing = 0;
		};
		8226A52720EB93F40019E402 /* Sources */ = {
			isa = PBXSourcesBuildPhase;
			buildActionMask = 2147483647;
			files = (
				82FC94BC20F9881E00CB2F3D /* Bowling180713Tests.swift in Sources */,
				824ED025212136BC0038C430 /* Bowling180813Tests.swift in Sources */,
				82205EB42134FBFD005BE136 /* Bowling180828Tests.swift in Sources */,
				8226A54C20EB9DF80019E402 /* Bowling180703.swift in Sources */,
				8226A53020EB93F40019E402 /* CodeKataPracticeSwiftTests.swift in Sources */,
				8226A54B20EB9AD30019E402 /* Bowling180703Tests.swift in Sources */,
				8279BB33210DC4EB00AEF6B7 /* Bowling180729Tests.swift in Sources */,
				823E9BE2214B6BDB00F4054A /* Bowling180914Tests.swift in Sources */,
			);
			runOnlyForDeploymentPostprocessing = 0;
		};
/* End PBXSourcesBuildPhase section */

/* Begin PBXTargetDependency section */
		8226A52D20EB93F40019E402 /* PBXTargetDependency */ = {
			isa = PBXTargetDependency;
			target = 8226A51620EB93F10019E402 /* CodeKataPracticeSwift */;
			targetProxy = 8226A52C20EB93F40019E402 /* PBXContainerItemProxy */;
		};
/* End PBXTargetDependency section */

/* Begin PBXVariantGroup section */
		8226A51E20EB93F10019E402 /* Main.storyboard */ = {
			isa = PBXVariantGroup;
			children = (
				8226A51F20EB93F10019E402 /* Base */,
			);
			name = Main.storyboard;
			sourceTree = "<group>";
		};
		8226A52320EB93F40019E402 /* LaunchScreen.storyboard */ = {
			isa = PBXVariantGroup;
			children = (
				8226A52420EB93F40019E402 /* Base */,
			);
			name = LaunchScreen.storyboard;
			sourceTree = "<group>";
		};
/* End PBXVariantGroup section */

/* Begin XCBuildConfiguration section */
		8226A53D20EB93F40019E402 /* Debug */ = {
			isa = XCBuildConfiguration;
			buildSettings = {
				ALWAYS_SEARCH_USER_PATHS = NO;
				CLANG_ANALYZER_NONNULL = YES;
				CLANG_ANALYZER_NUMBER_OBJECT_CONVERSION = YES_AGGRESSIVE;
				CLANG_CXX_LANGUAGE_STANDARD = "gnu++14";
				CLANG_CXX_LIBRARY = "libc++";
				CLANG_ENABLE_MODULES = YES;
				CLANG_ENABLE_OBJC_ARC = YES;
				CLANG_ENABLE_OBJC_WEAK = YES;
				CLANG_WARN_BLOCK_CAPTURE_AUTORELEASING = YES;
				CLANG_WARN_BOOL_CONVERSION = YES;
				CLANG_WARN_COMMA = YES;
				CLANG_WARN_CONSTANT_CONVERSION = YES;
				CLANG_WARN_DEPRECATED_OBJC_IMPLEMENTATIONS = YES;
				CLANG_WARN_DIRECT_OBJC_ISA_USAGE = YES_ERROR;
				CLANG_WARN_DOCUMENTATION_COMMENTS = YES;
				CLANG_WARN_EMPTY_BODY = YES;
				CLANG_WARN_ENUM_CONVERSION = YES;
				CLANG_WARN_INFINITE_RECURSION = YES;
				CLANG_WARN_INT_CONVERSION = YES;
				CLANG_WARN_NON_LITERAL_NULL_CONVERSION = YES;
				CLANG_WARN_OBJC_IMPLICIT_RETAIN_SELF = YES;
				CLANG_WARN_OBJC_LITERAL_CONVERSION = YES;
				CLANG_WARN_OBJC_ROOT_CLASS = YES_ERROR;
				CLANG_WARN_RANGE_LOOP_ANALYSIS = YES;
				CLANG_WARN_STRICT_PROTOTYPES = YES;
				CLANG_WARN_SUSPICIOUS_MOVE = YES;
				CLANG_WARN_UNGUARDED_AVAILABILITY = YES_AGGRESSIVE;
				CLANG_WARN_UNREACHABLE_CODE = YES;
				CLANG_WARN__DUPLICATE_METHOD_MATCH = YES;
				CODE_SIGN_IDENTITY = "iPhone Developer";
				COPY_PHASE_STRIP = NO;
				DEBUG_INFORMATION_FORMAT = dwarf;
				ENABLE_STRICT_OBJC_MSGSEND = YES;
				ENABLE_TESTABILITY = YES;
				GCC_C_LANGUAGE_STANDARD = gnu11;
				GCC_DYNAMIC_NO_PIC = NO;
				GCC_NO_COMMON_BLOCKS = YES;
				GCC_OPTIMIZATION_LEVEL = 0;
				GCC_PREPROCESSOR_DEFINITIONS = (
					"DEBUG=1",
					"$(inherited)",
				);
				GCC_WARN_64_TO_32_BIT_CONVERSION = YES;
				GCC_WARN_ABOUT_RETURN_TYPE = YES_ERROR;
				GCC_WARN_UNDECLARED_SELECTOR = YES;
				GCC_WARN_UNINITIALIZED_AUTOS = YES_AGGRESSIVE;
				GCC_WARN_UNUSED_FUNCTION = YES;
				GCC_WARN_UNUSED_VARIABLE = YES;
				IPHONEOS_DEPLOYMENT_TARGET = 11.4;
				MTL_ENABLE_DEBUG_INFO = YES;
				ONLY_ACTIVE_ARCH = YES;
				SDKROOT = iphoneos;
				SWIFT_ACTIVE_COMPILATION_CONDITIONS = DEBUG;
				SWIFT_OPTIMIZATION_LEVEL = "-Onone";
			};
			name = Debug;
		};
		8226A53E20EB93F40019E402 /* Release */ = {
			isa = XCBuildConfiguration;
			buildSettings = {
				ALWAYS_SEARCH_USER_PATHS = NO;
				CLANG_ANALYZER_NONNULL = YES;
				CLANG_ANALYZER_NUMBER_OBJECT_CONVERSION = YES_AGGRESSIVE;
				CLANG_CXX_LANGUAGE_STANDARD = "gnu++14";
				CLANG_CXX_LIBRARY = "libc++";
				CLANG_ENABLE_MODULES = YES;
				CLANG_ENABLE_OBJC_ARC = YES;
				CLANG_ENABLE_OBJC_WEAK = YES;
				CLANG_WARN_BLOCK_CAPTURE_AUTORELEASING = YES;
				CLANG_WARN_BOOL_CONVERSION = YES;
				CLANG_WARN_COMMA = YES;
				CLANG_WARN_CONSTANT_CONVERSION = YES;
				CLANG_WARN_DEPRECATED_OBJC_IMPLEMENTATIONS = YES;
				CLANG_WARN_DIRECT_OBJC_ISA_USAGE = YES_ERROR;
				CLANG_WARN_DOCUMENTATION_COMMENTS = YES;
				CLANG_WARN_EMPTY_BODY = YES;
				CLANG_WARN_ENUM_CONVERSION = YES;
				CLANG_WARN_INFINITE_RECURSION = YES;
				CLANG_WARN_INT_CONVERSION = YES;
				CLANG_WARN_NON_LITERAL_NULL_CONVERSION = YES;
				CLANG_WARN_OBJC_IMPLICIT_RETAIN_SELF = YES;
				CLANG_WARN_OBJC_LITERAL_CONVERSION = YES;
				CLANG_WARN_OBJC_ROOT_CLASS = YES_ERROR;
				CLANG_WARN_RANGE_LOOP_ANALYSIS = YES;
				CLANG_WARN_STRICT_PROTOTYPES = YES;
				CLANG_WARN_SUSPICIOUS_MOVE = YES;
				CLANG_WARN_UNGUARDED_AVAILABILITY = YES_AGGRESSIVE;
				CLANG_WARN_UNREACHABLE_CODE = YES;
				CLANG_WARN__DUPLICATE_METHOD_MATCH = YES;
				CODE_SIGN_IDENTITY = "iPhone Developer";
				COPY_PHASE_STRIP = NO;
				DEBUG_INFORMATION_FORMAT = "dwarf-with-dsym";
				ENABLE_NS_ASSERTIONS = NO;
				ENABLE_STRICT_OBJC_MSGSEND = YES;
				GCC_C_LANGUAGE_STANDARD = gnu11;
				GCC_NO_COMMON_BLOCKS = YES;
				GCC_WARN_64_TO_32_BIT_CONVERSION = YES;
				GCC_WARN_ABOUT_RETURN_TYPE = YES_ERROR;
				GCC_WARN_UNDECLARED_SELECTOR = YES;
				GCC_WARN_UNINITIALIZED_AUTOS = YES_AGGRESSIVE;
				GCC_WARN_UNUSED_FUNCTION = YES;
				GCC_WARN_UNUSED_VARIABLE = YES;
				IPHONEOS_DEPLOYMENT_TARGET = 11.4;
				MTL_ENABLE_DEBUG_INFO = NO;
				SDKROOT = iphoneos;
				SWIFT_COMPILATION_MODE = wholemodule;
				SWIFT_OPTIMIZATION_LEVEL = "-O";
				VALIDATE_PRODUCT = YES;
			};
			name = Release;
		};
		8226A54020EB93F40019E402 /* Debug */ = {
			isa = XCBuildConfiguration;
			buildSettings = {
				ASSETCATALOG_COMPILER_APPICON_NAME = AppIcon;
				CODE_SIGN_STYLE = Automatic;
				INFOPLIST_FILE = CodeKataPracticeSwift/Info.plist;
				LD_RUNPATH_SEARCH_PATHS = (
					"$(inherited)",
					"@executable_path/Frameworks",
				);
				PRODUCT_BUNDLE_IDENTIFIER = totomaru.CodeKataPracticeSwift;
				PRODUCT_NAME = "$(TARGET_NAME)";
				SWIFT_VERSION = 4.0;
				TARGETED_DEVICE_FAMILY = "1,2";
			};
			name = Debug;
		};
		8226A54120EB93F40019E402 /* Release */ = {
			isa = XCBuildConfiguration;
			buildSettings = {
				ASSETCATALOG_COMPILER_APPICON_NAME = AppIcon;
				CODE_SIGN_STYLE = Automatic;
				INFOPLIST_FILE = CodeKataPracticeSwift/Info.plist;
				LD_RUNPATH_SEARCH_PATHS = (
					"$(inherited)",
					"@executable_path/Frameworks",
				);
				PRODUCT_BUNDLE_IDENTIFIER = totomaru.CodeKataPracticeSwift;
				PRODUCT_NAME = "$(TARGET_NAME)";
				SWIFT_VERSION = 4.0;
				TARGETED_DEVICE_FAMILY = "1,2";
			};
			name = Release;
		};
		8226A54320EB93F40019E402 /* Debug */ = {
			isa = XCBuildConfiguration;
			buildSettings = {
				ALWAYS_EMBED_SWIFT_STANDARD_LIBRARIES = YES;
				BUNDLE_LOADER = "$(TEST_HOST)";
				CODE_SIGN_STYLE = Automatic;
				INFOPLIST_FILE = CodeKataPracticeSwiftTests/Info.plist;
				LD_RUNPATH_SEARCH_PATHS = (
					"$(inherited)",
					"@executable_path/Frameworks",
					"@loader_path/Frameworks",
				);
				PRODUCT_BUNDLE_IDENTIFIER = totomaru.CodeKataPracticeSwiftTests;
				PRODUCT_NAME = "$(TARGET_NAME)";
				SWIFT_VERSION = 4.0;
				TARGETED_DEVICE_FAMILY = "1,2";
				TEST_HOST = "$(BUILT_PRODUCTS_DIR)/CodeKataPracticeSwift.app/CodeKataPracticeSwift";
			};
			name = Debug;
		};
		8226A54420EB93F40019E402 /* Release */ = {
			isa = XCBuildConfiguration;
			buildSettings = {
				ALWAYS_EMBED_SWIFT_STANDARD_LIBRARIES = YES;
				BUNDLE_LOADER = "$(TEST_HOST)";
				CODE_SIGN_STYLE = Automatic;
				INFOPLIST_FILE = CodeKataPracticeSwiftTests/Info.plist;
				LD_RUNPATH_SEARCH_PATHS = (
					"$(inherited)",
					"@executable_path/Frameworks",
					"@loader_path/Frameworks",
				);
				PRODUCT_BUNDLE_IDENTIFIER = totomaru.CodeKataPracticeSwiftTests;
				PRODUCT_NAME = "$(TARGET_NAME)";
				SWIFT_VERSION = 4.0;
				TARGETED_DEVICE_FAMILY = "1,2";
				TEST_HOST = "$(BUILT_PRODUCTS_DIR)/CodeKataPracticeSwift.app/CodeKataPracticeSwift";
			};
			name = Release;
		};
/* End XCBuildConfiguration section */

/* Begin XCConfigurationList section */
		8226A51220EB93F10019E402 /* Build configuration list for PBXProject "CodeKataPracticeSwift" */ = {
			isa = XCConfigurationList;
			buildConfigurations = (
				8226A53D20EB93F40019E402 /* Debug */,
				8226A53E20EB93F40019E402 /* Release */,
			);
			defaultConfigurationIsVisible = 0;
			defaultConfigurationName = Release;
		};
		8226A53F20EB93F40019E402 /* Build configuration list for PBXNativeTarget "CodeKataPracticeSwift" */ = {
			isa = XCConfigurationList;
			buildConfigurations = (
				8226A54020EB93F40019E402 /* Debug */,
				8226A54120EB93F40019E402 /* Release */,
			);
			defaultConfigurationIsVisible = 0;
			defaultConfigurationName = Release;
		};
		8226A54220EB93F40019E402 /* Build configuration list for PBXNativeTarget "CodeKataPracticeSwiftTests" */ = {
			isa = XCConfigurationList;
			buildConfigurations = (
				8226A54320EB93F40019E402 /* Debug */,
				8226A54420EB93F40019E402 /* Release */,
			);
			defaultConfigurationIsVisible = 0;
			defaultConfigurationName = Release;
		};
/* End XCConfigurationList section */
	};
	rootObject = 8226A50F20EB93F10019E402 /* Project object */;
}
